
Microsoft Visual Studio Solution File, Format Version 12.00
# Visual Studio 15
VisualStudioVersion = 15.0.27130.2036
MinimumVisualStudioVersion = 10.0.40219.1
Project("{FAE04EC0-301F-11D3-BF4B-00C04F79EFBC}") = "nezgame", "nezgame\nezgame.csproj", "{04AE7388-6C9C-49AB-8CFF-F8F04C738C63}"
	ProjectSection(ProjectDependencies) = postProject
		{60B7197D-D0D5-405C-90A2-A56903E9B039} = {60B7197D-D0D5-405C-90A2-A56903E9B039}
	EndProjectSection
EndProject
Project("{FAE04EC0-301F-11D3-BF4B-00C04F79EFBC}") = "Nez", "nezgame\Nez.Portable\Nez.csproj", "{60B7197D-D0D5-405C-90A2-A56903E9B039}"
EndProject
Global
	GlobalSection(SolutionConfigurationPlatforms) = preSolution
		Debug|Any CPU = Debug|Any CPU
		Release|Any CPU = Release|Any CPU
	EndGlobalSection
	GlobalSection(ProjectConfigurationPlatforms) = postSolution
		{04AE7388-6C9C-49AB-8CFF-F8F04C738C63}.Debug|Any CPU.ActiveCfg = Debug|Any CPU
		{04AE7388-6C9C-49AB-8CFF-F8F04C738C63}.Debug|Any CPU.Build.0 = Debug|Any CPU
		{04AE7388-6C9C-49AB-8CFF-F8F04C738C63}.Release|Any CPU.ActiveCfg = Release|Any CPU
		{04AE7388-6C9C-49AB-8CFF-F8F04C738C63}.Release|Any CPU.Build.0 = Release|Any CPU
		{60B7197D-D0D5-405C-90A2-A56903E9B039}.Debug|Any CPU.ActiveCfg = Debug|Any CPU
		{60B7197D-D0D5-405C-90A2-A56903E9B039}.Debug|Any CPU.Build.0 = Debug|Any CPU
		{60B7197D-D0D5-405C-90A2-A56903E9B039}.Release|Any CPU.ActiveCfg = Release|Any CPU
		{60B7197D-D0D5-405C-90A2-A56903E9B039}.Release|Any CPU.Build.0 = Release|Any CPU
	EndGlobalSection
	GlobalSection(SolutionProperties) = preSolution
		HideSolutionNode = FALSE
	EndGlobalSection
	GlobalSection(ExtensibilityGlobals) = postSolution
		SolutionGuid = {E000F83B-3577-446C-8355-BCF90FF6529D}
	EndGlobalSection
EndGlobal
